
Microsoft Visual Studio Solution File, Format Version 12.00
# Visual Studio Version 17
VisualStudioVersion = 17.7.34031.279
MinimumVisualStudioVersion = 10.0.40219.1
Project("{FAE04EC0-301F-11D3-BF4B-00C04F79EFBC}") = "Duracao", "Duracao\Duracao.csproj", "{153FD20F-B644-47FA-9D74-E80987587398}"
EndProject
Global
	GlobalSection(SolutionConfigurationPlatforms) = preSolution
		Debug|Any CPU = Debug|Any CPU
		Release|Any CPU = Release|Any CPU
	EndGlobalSection
	GlobalSection(ProjectConfigurationPlatforms) = postSolution
		{153FD20F-B644-47FA-9D74-E80987587398}.Debug|Any CPU.ActiveCfg = Debug|Any CPU
		{153FD20F-B644-47FA-9D74-E80987587398}.Debug|Any CPU.Build.0 = Debug|Any CPU
		{153FD20F-B644-47FA-9D74-E80987587398}.Release|Any CPU.ActiveCfg = Release|Any CPU
		{153FD20F-B644-47FA-9D74-E80987587398}.Release|Any CPU.Build.0 = Release|Any CPU
	EndGlobalSection
	GlobalSection(SolutionProperties) = preSolution
		HideSolutionNode = FALSE
	EndGlobalSection
	GlobalSection(ExtensibilityGlobals) = postSolution
		SolutionGuid = {8C667053-8BA0-427F-816C-EAD1D8FB4361}
	EndGlobalSection
EndGlobal
