
Microsoft Visual Studio Solution File, Format Version 12.00
# Visual Studio Version 17
VisualStudioVersion = 17.7.34031.279
MinimumVisualStudioVersion = 10.0.40219.1
Project("{FAE04EC0-301F-11D3-BF4B-00C04F79EFBC}") = "coordenadas", "coordenadas\coordenadas.csproj", "{FB203057-BA7B-4998-9249-E040E9488DDC}"
EndProject
Global
	GlobalSection(SolutionConfigurationPlatforms) = preSolution
		Debug|Any CPU = Debug|Any CPU
		Release|Any CPU = Release|Any CPU
	EndGlobalSection
	GlobalSection(ProjectConfigurationPlatforms) = postSolution
		{FB203057-BA7B-4998-9249-E040E9488DDC}.Debug|Any CPU.ActiveCfg = Debug|Any CPU
		{FB203057-BA7B-4998-9249-E040E9488DDC}.Debug|Any CPU.Build.0 = Debug|Any CPU
		{FB203057-BA7B-4998-9249-E040E9488DDC}.Release|Any CPU.ActiveCfg = Release|Any CPU
		{FB203057-BA7B-4998-9249-E040E9488DDC}.Release|Any CPU.Build.0 = Release|Any CPU
	EndGlobalSection
	GlobalSection(SolutionProperties) = preSolution
		HideSolutionNode = FALSE
	EndGlobalSection
	GlobalSection(ExtensibilityGlobals) = postSolution
		SolutionGuid = {82F8540F-0AA2-49C1-9D1D-A67F27450E78}
	EndGlobalSection
EndGlobal
