
Microsoft Visual Studio Solution File, Format Version 12.00
# Visual Studio Version 17
VisualStudioVersion = 17.7.34031.279
MinimumVisualStudioVersion = 10.0.40219.1
Project("{FAE04EC0-301F-11D3-BF4B-00C04F79EFBC}") = "Soma", "Soma\Soma.csproj", "{BD550C12-13A0-4855-BA63-1F5BB3DD66B4}"
EndProject
Global
	GlobalSection(SolutionConfigurationPlatforms) = preSolution
		Debug|Any CPU = Debug|Any CPU
		Release|Any CPU = Release|Any CPU
	EndGlobalSection
	GlobalSection(ProjectConfigurationPlatforms) = postSolution
		{BD550C12-13A0-4855-BA63-1F5BB3DD66B4}.Debug|Any CPU.ActiveCfg = Debug|Any CPU
		{BD550C12-13A0-4855-BA63-1F5BB3DD66B4}.Debug|Any CPU.Build.0 = Debug|Any CPU
		{BD550C12-13A0-4855-BA63-1F5BB3DD66B4}.Release|Any CPU.ActiveCfg = Release|Any CPU
		{BD550C12-13A0-4855-BA63-1F5BB3DD66B4}.Release|Any CPU.Build.0 = Release|Any CPU
	EndGlobalSection
	GlobalSection(SolutionProperties) = preSolution
		HideSolutionNode = FALSE
	EndGlobalSection
	GlobalSection(ExtensibilityGlobals) = postSolution
		SolutionGuid = {A053D72A-F570-434E-8B77-4DC9AAE2D54C}
	EndGlobalSection
EndGlobal
