
Microsoft Visual Studio Solution File, Format Version 12.00
# Visual Studio Version 17
VisualStudioVersion = 17.7.34031.279
MinimumVisualStudioVersion = 10.0.40219.1
Project("{FAE04EC0-301F-11D3-BF4B-00C04F79EFBC}") = "Pares consecutivos", "Pares consecutivos\Pares consecutivos.csproj", "{DB9D2368-4161-4660-9899-EF7AF8111E89}"
EndProject
Global
	GlobalSection(SolutionConfigurationPlatforms) = preSolution
		Debug|Any CPU = Debug|Any CPU
		Release|Any CPU = Release|Any CPU
	EndGlobalSection
	GlobalSection(ProjectConfigurationPlatforms) = postSolution
		{DB9D2368-4161-4660-9899-EF7AF8111E89}.Debug|Any CPU.ActiveCfg = Debug|Any CPU
		{DB9D2368-4161-4660-9899-EF7AF8111E89}.Debug|Any CPU.Build.0 = Debug|Any CPU
		{DB9D2368-4161-4660-9899-EF7AF8111E89}.Release|Any CPU.ActiveCfg = Release|Any CPU
		{DB9D2368-4161-4660-9899-EF7AF8111E89}.Release|Any CPU.Build.0 = Release|Any CPU
	EndGlobalSection
	GlobalSection(SolutionProperties) = preSolution
		HideSolutionNode = FALSE
	EndGlobalSection
	GlobalSection(ExtensibilityGlobals) = postSolution
		SolutionGuid = {E7E7192D-368D-4132-92A6-17E9E6689B72}
	EndGlobalSection
EndGlobal
