
Microsoft Visual Studio Solution File, Format Version 12.00
# Visual Studio Version 17
VisualStudioVersion = 17.7.34031.279
MinimumVisualStudioVersion = 10.0.40219.1
Project("{FAE04EC0-301F-11D3-BF4B-00C04F79EFBC}") = "Bhaskara", "Bhaskara\Bhaskara.csproj", "{1BB361F4-AA75-4C50-9208-19CECD9E2C87}"
EndProject
Global
	GlobalSection(SolutionConfigurationPlatforms) = preSolution
		Debug|Any CPU = Debug|Any CPU
		Release|Any CPU = Release|Any CPU
	EndGlobalSection
	GlobalSection(ProjectConfigurationPlatforms) = postSolution
		{1BB361F4-AA75-4C50-9208-19CECD9E2C87}.Debug|Any CPU.ActiveCfg = Debug|Any CPU
		{1BB361F4-AA75-4C50-9208-19CECD9E2C87}.Debug|Any CPU.Build.0 = Debug|Any CPU
		{1BB361F4-AA75-4C50-9208-19CECD9E2C87}.Release|Any CPU.ActiveCfg = Release|Any CPU
		{1BB361F4-AA75-4C50-9208-19CECD9E2C87}.Release|Any CPU.Build.0 = Release|Any CPU
	EndGlobalSection
	GlobalSection(SolutionProperties) = preSolution
		HideSolutionNode = FALSE
	EndGlobalSection
	GlobalSection(ExtensibilityGlobals) = postSolution
		SolutionGuid = {3932967B-980A-4A1B-9A15-6D70A44E6AA8}
	EndGlobalSection
EndGlobal
