
Microsoft Visual Studio Solution File, Format Version 12.00
# Visual Studio Version 17
VisualStudioVersion = 17.7.34031.279
MinimumVisualStudioVersion = 10.0.40219.1
Project("{FAE04EC0-301F-11D3-BF4B-00C04F79EFBC}") = "Fatorial", "Fatorial\Fatorial.csproj", "{AD722E50-5298-42D5-924D-711BFCBD59CA}"
EndProject
Global
	GlobalSection(SolutionConfigurationPlatforms) = preSolution
		Debug|Any CPU = Debug|Any CPU
		Release|Any CPU = Release|Any CPU
	EndGlobalSection
	GlobalSection(ProjectConfigurationPlatforms) = postSolution
		{AD722E50-5298-42D5-924D-711BFCBD59CA}.Debug|Any CPU.ActiveCfg = Debug|Any CPU
		{AD722E50-5298-42D5-924D-711BFCBD59CA}.Debug|Any CPU.Build.0 = Debug|Any CPU
		{AD722E50-5298-42D5-924D-711BFCBD59CA}.Release|Any CPU.ActiveCfg = Release|Any CPU
		{AD722E50-5298-42D5-924D-711BFCBD59CA}.Release|Any CPU.Build.0 = Release|Any CPU
	EndGlobalSection
	GlobalSection(SolutionProperties) = preSolution
		HideSolutionNode = FALSE
	EndGlobalSection
	GlobalSection(ExtensibilityGlobals) = postSolution
		SolutionGuid = {F6C64894-B0D2-444A-B01D-500566AFBB8E}
	EndGlobalSection
EndGlobal
