
Microsoft Visual Studio Solution File, Format Version 12.00
# Visual Studio Version 17
VisualStudioVersion = 17.7.34031.279
MinimumVisualStudioVersion = 10.0.40219.1
Project("{FAE04EC0-301F-11D3-BF4B-00C04F79EFBC}") = "tabuada", "tabuada\tabuada.csproj", "{24FCE86B-9570-4BCB-B5F5-DCF5209D578B}"
EndProject
Global
	GlobalSection(SolutionConfigurationPlatforms) = preSolution
		Debug|Any CPU = Debug|Any CPU
		Release|Any CPU = Release|Any CPU
	EndGlobalSection
	GlobalSection(ProjectConfigurationPlatforms) = postSolution
		{24FCE86B-9570-4BCB-B5F5-DCF5209D578B}.Debug|Any CPU.ActiveCfg = Debug|Any CPU
		{24FCE86B-9570-4BCB-B5F5-DCF5209D578B}.Debug|Any CPU.Build.0 = Debug|Any CPU
		{24FCE86B-9570-4BCB-B5F5-DCF5209D578B}.Release|Any CPU.ActiveCfg = Release|Any CPU
		{24FCE86B-9570-4BCB-B5F5-DCF5209D578B}.Release|Any CPU.Build.0 = Release|Any CPU
	EndGlobalSection
	GlobalSection(SolutionProperties) = preSolution
		HideSolutionNode = FALSE
	EndGlobalSection
	GlobalSection(ExtensibilityGlobals) = postSolution
		SolutionGuid = {D1B2E822-44C5-4E28-9D93-63D27F16E43F}
	EndGlobalSection
EndGlobal
